
Microsoft Visual Studio Solution File, Format Version 12.00
# Visual Studio Version 17
VisualStudioVersion = 17.10.35013.160
MinimumVisualStudioVersion = 10.0.40219.1
Project("{9A19103F-16F7-4668-BE54-9A1E7A4F7556}") = "WebApplication1", "WebApplication1\WebApplication1.csproj", "{10CFB18A-9B61-4ED3-945B-2EFE049E002C}"
EndProject
Project("{FAE04EC0-301F-11D3-BF4B-00C04F79EFBC}") = "API", "API\API.csproj", "{52010DF5-14AB-4C45-90E7-F6D734684E47}"
EndProject
Global
	GlobalSection(SolutionConfigurationPlatforms) = preSolution
		Debug|Any CPU = Debug|Any CPU
		Release|Any CPU = Release|Any CPU
	EndGlobalSection
	GlobalSection(ProjectConfigurationPlatforms) = postSolution
		{10CFB18A-9B61-4ED3-945B-2EFE049E002C}.Debug|Any CPU.ActiveCfg = Debug|Any CPU
		{10CFB18A-9B61-4ED3-945B-2EFE049E002C}.Debug|Any CPU.Build.0 = Debug|Any CPU
		{10CFB18A-9B61-4ED3-945B-2EFE049E002C}.Release|Any CPU.ActiveCfg = Release|Any CPU
		{10CFB18A-9B61-4ED3-945B-2EFE049E002C}.Release|Any CPU.Build.0 = Release|Any CPU
		{52010DF5-14AB-4C45-90E7-F6D734684E47}.Debug|Any CPU.ActiveCfg = Debug|Any CPU
		{52010DF5-14AB-4C45-90E7-F6D734684E47}.Debug|Any CPU.Build.0 = Debug|Any CPU
		{52010DF5-14AB-4C45-90E7-F6D734684E47}.Release|Any CPU.ActiveCfg = Release|Any CPU
		{52010DF5-14AB-4C45-90E7-F6D734684E47}.Release|Any CPU.Build.0 = Release|Any CPU
	EndGlobalSection
	GlobalSection(SolutionProperties) = preSolution
		HideSolutionNode = FALSE
	EndGlobalSection
	GlobalSection(ExtensibilityGlobals) = postSolution
		SolutionGuid = {B84DE8B3-948B-4AE7-9759-DB4C6D29C50F}
	EndGlobalSection
EndGlobal
